
Microsoft Visual Studio Solution File, Format Version 11.00
# Visual Studio 2010
Project("{FAE04EC0-301F-11D3-BF4B-00C04F79EFBC}") = "Anchronox", "Anchronox.csproj", "{127FD859-36CF-4813-A9A2-F34ABF86DF05}"
EndProject
Project("{FAE04EC0-301F-11D3-BF4B-00C04F79EFBC}") = "DatSupport", "..\DAT_Extract\DatSupport.csproj", "{8385BBB6-BD30-4FCA-A18A-1C29634E85BF}"
EndProject
Project("{FAE04EC0-301F-11D3-BF4B-00C04F79EFBC}") = "DebugApp", "DebugApp\DebugApp.csproj", "{FBF3FF93-FC67-4811-8E05-C2CB2924E55F}"
EndProject
Project("{FAE04EC0-301F-11D3-BF4B-00C04F79EFBC}") = "DatViewer", "..\DatViewer\DatViewer.csproj", "{854D4E2E-47BB-48A4-9E0F-17E005606F1B}"
EndProject
Project("{FAE04EC0-301F-11D3-BF4B-00C04F79EFBC}") = "ApeSupport", "..\ApeSupport\ApeSupport.csproj", "{3044E33A-F763-4E3C-8BDA-44F2C403E468}"
EndProject
Project("{888888A0-9F3D-457C-B088-3A5042F75D52}") = "OLD_ApeDecompile", "..\OLD_ApeDecompile\OLD_ApeDecompile.pyproj", "{1DA76A53-1FB1-49DF-B371-7B2B6E4C9409}"
EndProject
Global
	GlobalSection(SolutionConfigurationPlatforms) = preSolution
		Debug|Any CPU = Debug|Any CPU
		Debug|Mixed Platforms = Debug|Mixed Platforms
		Debug|Win32 = Debug|Win32
		Debug|x86 = Debug|x86
		Release|Any CPU = Release|Any CPU
		Release|Mixed Platforms = Release|Mixed Platforms
		Release|Win32 = Release|Win32
		Release|x86 = Release|x86
	EndGlobalSection
	GlobalSection(ProjectConfigurationPlatforms) = postSolution
		{127FD859-36CF-4813-A9A2-F34ABF86DF05}.Debug|Any CPU.ActiveCfg = Debug|x86
		{127FD859-36CF-4813-A9A2-F34ABF86DF05}.Debug|Mixed Platforms.ActiveCfg = Debug|x86
		{127FD859-36CF-4813-A9A2-F34ABF86DF05}.Debug|Mixed Platforms.Build.0 = Debug|x86
		{127FD859-36CF-4813-A9A2-F34ABF86DF05}.Debug|Win32.ActiveCfg = Debug|x86
		{127FD859-36CF-4813-A9A2-F34ABF86DF05}.Debug|x86.ActiveCfg = Debug|x86
		{127FD859-36CF-4813-A9A2-F34ABF86DF05}.Debug|x86.Build.0 = Debug|x86
		{127FD859-36CF-4813-A9A2-F34ABF86DF05}.Release|Any CPU.ActiveCfg = Release|x86
		{127FD859-36CF-4813-A9A2-F34ABF86DF05}.Release|Mixed Platforms.ActiveCfg = Release|x86
		{127FD859-36CF-4813-A9A2-F34ABF86DF05}.Release|Mixed Platforms.Build.0 = Release|x86
		{127FD859-36CF-4813-A9A2-F34ABF86DF05}.Release|Win32.ActiveCfg = Release|x86
		{127FD859-36CF-4813-A9A2-F34ABF86DF05}.Release|x86.ActiveCfg = Release|x86
		{127FD859-36CF-4813-A9A2-F34ABF86DF05}.Release|x86.Build.0 = Release|x86
		{8385BBB6-BD30-4FCA-A18A-1C29634E85BF}.Debug|Any CPU.ActiveCfg = Debug|Any CPU
		{8385BBB6-BD30-4FCA-A18A-1C29634E85BF}.Debug|Any CPU.Build.0 = Debug|Any CPU
		{8385BBB6-BD30-4FCA-A18A-1C29634E85BF}.Debug|Mixed Platforms.ActiveCfg = Debug|Any CPU
		{8385BBB6-BD30-4FCA-A18A-1C29634E85BF}.Debug|Mixed Platforms.Build.0 = Debug|Any CPU
		{8385BBB6-BD30-4FCA-A18A-1C29634E85BF}.Debug|Win32.ActiveCfg = Debug|Any CPU
		{8385BBB6-BD30-4FCA-A18A-1C29634E85BF}.Debug|x86.ActiveCfg = Debug|Any CPU
		{8385BBB6-BD30-4FCA-A18A-1C29634E85BF}.Release|Any CPU.ActiveCfg = Release|Any CPU
		{8385BBB6-BD30-4FCA-A18A-1C29634E85BF}.Release|Any CPU.Build.0 = Release|Any CPU
		{8385BBB6-BD30-4FCA-A18A-1C29634E85BF}.Release|Mixed Platforms.ActiveCfg = Release|Any CPU
		{8385BBB6-BD30-4FCA-A18A-1C29634E85BF}.Release|Mixed Platforms.Build.0 = Release|Any CPU
		{8385BBB6-BD30-4FCA-A18A-1C29634E85BF}.Release|Win32.ActiveCfg = Release|Any CPU
		{8385BBB6-BD30-4FCA-A18A-1C29634E85BF}.Release|x86.ActiveCfg = Release|Any CPU
		{FBF3FF93-FC67-4811-8E05-C2CB2924E55F}.Debug|Any CPU.ActiveCfg = Debug|x86
		{FBF3FF93-FC67-4811-8E05-C2CB2924E55F}.Debug|Mixed Platforms.ActiveCfg = Debug|x86
		{FBF3FF93-FC67-4811-8E05-C2CB2924E55F}.Debug|Mixed Platforms.Build.0 = Debug|x86
		{FBF3FF93-FC67-4811-8E05-C2CB2924E55F}.Debug|Win32.ActiveCfg = Debug|x86
		{FBF3FF93-FC67-4811-8E05-C2CB2924E55F}.Debug|x86.ActiveCfg = Debug|x86
		{FBF3FF93-FC67-4811-8E05-C2CB2924E55F}.Debug|x86.Build.0 = Debug|x86
		{FBF3FF93-FC67-4811-8E05-C2CB2924E55F}.Release|Any CPU.ActiveCfg = Release|x86
		{FBF3FF93-FC67-4811-8E05-C2CB2924E55F}.Release|Mixed Platforms.ActiveCfg = Release|x86
		{FBF3FF93-FC67-4811-8E05-C2CB2924E55F}.Release|Mixed Platforms.Build.0 = Release|x86
		{FBF3FF93-FC67-4811-8E05-C2CB2924E55F}.Release|Win32.ActiveCfg = Release|x86
		{FBF3FF93-FC67-4811-8E05-C2CB2924E55F}.Release|x86.ActiveCfg = Release|x86
		{FBF3FF93-FC67-4811-8E05-C2CB2924E55F}.Release|x86.Build.0 = Release|x86
		{854D4E2E-47BB-48A4-9E0F-17E005606F1B}.Debug|Any CPU.ActiveCfg = Debug|x86
		{854D4E2E-47BB-48A4-9E0F-17E005606F1B}.Debug|Mixed Platforms.ActiveCfg = Debug|x86
		{854D4E2E-47BB-48A4-9E0F-17E005606F1B}.Debug|Mixed Platforms.Build.0 = Debug|x86
		{854D4E2E-47BB-48A4-9E0F-17E005606F1B}.Debug|Win32.ActiveCfg = Debug|x86
		{854D4E2E-47BB-48A4-9E0F-17E005606F1B}.Debug|x86.ActiveCfg = Debug|x86
		{854D4E2E-47BB-48A4-9E0F-17E005606F1B}.Debug|x86.Build.0 = Debug|x86
		{854D4E2E-47BB-48A4-9E0F-17E005606F1B}.Release|Any CPU.ActiveCfg = Release|x86
		{854D4E2E-47BB-48A4-9E0F-17E005606F1B}.Release|Mixed Platforms.ActiveCfg = Release|x86
		{854D4E2E-47BB-48A4-9E0F-17E005606F1B}.Release|Mixed Platforms.Build.0 = Release|x86
		{854D4E2E-47BB-48A4-9E0F-17E005606F1B}.Release|Win32.ActiveCfg = Release|x86
		{854D4E2E-47BB-48A4-9E0F-17E005606F1B}.Release|x86.ActiveCfg = Release|x86
		{854D4E2E-47BB-48A4-9E0F-17E005606F1B}.Release|x86.Build.0 = Release|x86
		{3044E33A-F763-4E3C-8BDA-44F2C403E468}.Debug|Any CPU.ActiveCfg = Debug|Any CPU
		{3044E33A-F763-4E3C-8BDA-44F2C403E468}.Debug|Any CPU.Build.0 = Debug|Any CPU
		{3044E33A-F763-4E3C-8BDA-44F2C403E468}.Debug|Mixed Platforms.ActiveCfg = Debug|Any CPU
		{3044E33A-F763-4E3C-8BDA-44F2C403E468}.Debug|Mixed Platforms.Build.0 = Debug|Any CPU
		{3044E33A-F763-4E3C-8BDA-44F2C403E468}.Debug|Win32.ActiveCfg = Debug|Any CPU
		{3044E33A-F763-4E3C-8BDA-44F2C403E468}.Debug|x86.ActiveCfg = Debug|Any CPU
		{3044E33A-F763-4E3C-8BDA-44F2C403E468}.Release|Any CPU.ActiveCfg = Release|Any CPU
		{3044E33A-F763-4E3C-8BDA-44F2C403E468}.Release|Any CPU.Build.0 = Release|Any CPU
		{3044E33A-F763-4E3C-8BDA-44F2C403E468}.Release|Mixed Platforms.ActiveCfg = Release|Any CPU
		{3044E33A-F763-4E3C-8BDA-44F2C403E468}.Release|Mixed Platforms.Build.0 = Release|Any CPU
		{3044E33A-F763-4E3C-8BDA-44F2C403E468}.Release|Win32.ActiveCfg = Release|Any CPU
		{3044E33A-F763-4E3C-8BDA-44F2C403E468}.Release|x86.ActiveCfg = Release|Any CPU
		{1DA76A53-1FB1-49DF-B371-7B2B6E4C9409}.Debug|Any CPU.ActiveCfg = Debug|Any CPU
		{1DA76A53-1FB1-49DF-B371-7B2B6E4C9409}.Debug|Any CPU.Build.0 = Debug|Any CPU
		{1DA76A53-1FB1-49DF-B371-7B2B6E4C9409}.Debug|Mixed Platforms.ActiveCfg = Debug|Any CPU
		{1DA76A53-1FB1-49DF-B371-7B2B6E4C9409}.Debug|Mixed Platforms.Build.0 = Debug|Any CPU
		{1DA76A53-1FB1-49DF-B371-7B2B6E4C9409}.Debug|Win32.ActiveCfg = Debug|Any CPU
		{1DA76A53-1FB1-49DF-B371-7B2B6E4C9409}.Debug|x86.ActiveCfg = Debug|Any CPU
		{1DA76A53-1FB1-49DF-B371-7B2B6E4C9409}.Release|Any CPU.ActiveCfg = Release|Any CPU
		{1DA76A53-1FB1-49DF-B371-7B2B6E4C9409}.Release|Any CPU.Build.0 = Release|Any CPU
		{1DA76A53-1FB1-49DF-B371-7B2B6E4C9409}.Release|Mixed Platforms.ActiveCfg = Release|Any CPU
		{1DA76A53-1FB1-49DF-B371-7B2B6E4C9409}.Release|Mixed Platforms.Build.0 = Release|Any CPU
		{1DA76A53-1FB1-49DF-B371-7B2B6E4C9409}.Release|Win32.ActiveCfg = Release|Any CPU
		{1DA76A53-1FB1-49DF-B371-7B2B6E4C9409}.Release|x86.ActiveCfg = Release|Any CPU
	EndGlobalSection
	GlobalSection(SolutionProperties) = preSolution
		HideSolutionNode = FALSE
	EndGlobalSection
EndGlobal
